Microsoft Visual Studio Solution File, Format Version 12.00
# Visual Studio Version 17
VisualStudioVersion = 17.5.2.0
MinimumVisualStudioVersion = 10.0.40219.1
Project("{FAE04EC0-301F-11D3-BF4B-00C04F79EFBC}") = "TodoApp", "webapp\TodoApp.csproj", "{F3432818-9CB4-25A2-82F8-82340A5A944E}"
EndProject
Global
	GlobalSection(SolutionConfigurationPlatforms) = preSolution
		Debug|Any CPU = Debug|Any CPU
		Release|Any CPU = Release|Any CPU
	EndGlobalSection
	GlobalSection(ProjectConfigurationPlatforms) = postSolution
		{F3432818-9CB4-25A2-82F8-82340A5A944E}.Debug|Any CPU.ActiveCfg = Debug|Any CPU
		{F3432818-9CB4-25A2-82F8-82340A5A944E}.Debug|Any CPU.Build.0 = Debug|Any CPU
		{F3432818-9CB4-25A2-82F8-82340A5A944E}.Release|Any CPU.ActiveCfg = Release|Any CPU
		{F3432818-9CB4-25A2-82F8-82340A5A944E}.Release|Any CPU.Build.0 = Release|Any CPU
	EndGlobalSection
	GlobalSection(SolutionProperties) = preSolution
		HideSolutionNode = FALSE
	EndGlobalSection
	GlobalSection(ExtensibilityGlobals) = postSolution
		SolutionGuid = {5E55762D-7625-4366-ABA8-4B67256312C6}
	EndGlobalSection
EndGlobal
